
Microsoft Visual Studio Solution File, Format Version 12.00
# Visual Studio 15
VisualStudioVersion = 15.0.27130.2026
MinimumVisualStudioVersion = 10.0.40219.1
Project("{8BC9CEB8-8B4A-11D0-8D11-00A0C91BC942}") = "lab15a", "lab15a\lab15a.vcxproj", "{E5FFE35B-CF71-4847-A2C6-D2F9FBBC6736}"
EndProject
Global
	GlobalSection(SolutionConfigurationPlatforms) = preSolution
		Debug|x64 = Debug|x64
		Debug|x86 = Debug|x86
		Release|x64 = Release|x64
		Release|x86 = Release|x86
	EndGlobalSection
	GlobalSection(ProjectConfigurationPlatforms) = postSolution
		{E5FFE35B-CF71-4847-A2C6-D2F9FBBC6736}.Debug|x64.ActiveCfg = Debug|x64
		{E5FFE35B-CF71-4847-A2C6-D2F9FBBC6736}.Debug|x64.Build.0 = Debug|x64
		{E5FFE35B-CF71-4847-A2C6-D2F9FBBC6736}.Debug|x86.ActiveCfg = Debug|Win32
		{E5FFE35B-CF71-4847-A2C6-D2F9FBBC6736}.Debug|x86.Build.0 = Debug|Win32
		{E5FFE35B-CF71-4847-A2C6-D2F9FBBC6736}.Release|x64.ActiveCfg = Release|x64
		{E5FFE35B-CF71-4847-A2C6-D2F9FBBC6736}.Release|x64.Build.0 = Release|x64
		{E5FFE35B-CF71-4847-A2C6-D2F9FBBC6736}.Release|x86.ActiveCfg = Release|Win32
		{E5FFE35B-CF71-4847-A2C6-D2F9FBBC6736}.Release|x86.Build.0 = Release|Win32
	EndGlobalSection
	GlobalSection(SolutionProperties) = preSolution
		HideSolutionNode = FALSE
	EndGlobalSection
	GlobalSection(ExtensibilityGlobals) = postSolution
		SolutionGuid = {A38EB46F-DD9E-41EF-A549-65A1A2602D7A}
	EndGlobalSection
EndGlobal
